
Microsoft Visual Studio Solution File, Format Version 12.00
# Visual Studio Version 16
VisualStudioVersion = 16.0.28922.388
MinimumVisualStudioVersion = 10.0.40219.1
Project("{FAE04EC0-301F-11D3-BF4B-00C04F79EFBC}") = "TryDisposable", "TryDisposable\TryDisposable.csproj", "{3546262D-D22D-404B-B998-4654445BB443}"
EndProject
Global
	GlobalSection(SolutionConfigurationPlatforms) = preSolution
		Debug|Any CPU = Debug|Any CPU
		Release|Any CPU = Release|Any CPU
	EndGlobalSection
	GlobalSection(ProjectConfigurationPlatforms) = postSolution
		{3546262D-D22D-404B-B998-4654445BB443}.Debug|Any CPU.ActiveCfg = Debug|Any CPU
		{3546262D-D22D-404B-B998-4654445BB443}.Debug|Any CPU.Build.0 = Debug|Any CPU
		{3546262D-D22D-404B-B998-4654445BB443}.Release|Any CPU.ActiveCfg = Release|Any CPU
		{3546262D-D22D-404B-B998-4654445BB443}.Release|Any CPU.Build.0 = Release|Any CPU
	EndGlobalSection
	GlobalSection(SolutionProperties) = preSolution
		HideSolutionNode = FALSE
	EndGlobalSection
	GlobalSection(ExtensibilityGlobals) = postSolution
		SolutionGuid = {0B218801-6358-48EE-9F51-18CB5C782218}
	EndGlobalSection
EndGlobal
